// !$*UTF8*$!
{
	archiveVersion = 1;
	classes = {
	};
	objectVersion = 48;
	objects = {

/* Begin PBXBuildFile section */
		241898E61F6632A80063235F /* Plane.swift in Sources */ = {isa = PBXBuildFile; fileRef = 241898E51F6632A80063235F /* Plane.swift */; };
		241898E81F663A050063235F /* Extensions.swift in Sources */ = {isa = PBXBuildFile; fileRef = 241898E71F663A050063235F /* Extensions.swift */; };
		241898EA1F66C7D10063235F /* StartViewController.swift in Sources */ = {isa = PBXBuildFile; fileRef = 241898E91F66C7D10063235F /* StartViewController.swift */; };
		246474881F65264F00303348 /* AppDelegate.swift in Sources */ = {isa = PBXBuildFile; fileRef = 246474871F65264F00303348 /* AppDelegate.swift */; };
		2464748A1F65264F00303348 /* art.scnassets in Resources */ = {isa = PBXBuildFile; fileRef = 246474891F65264F00303348 /* art.scnassets */; };
		2464748C1F65264F00303348 /* ViewController.swift in Sources */ = {isa = PBXBuildFile; fileRef = 2464748B1F65264F00303348 /* ViewController.swift */; };
		2464748F1F65264F00303348 /* Main.storyboard in Resources */ = {isa = PBXBuildFile; fileRef = 2464748D1F65264F00303348 /* Main.storyboard */; };
		246474911F65264F00303348 /* Assets.xcassets in Resources */ = {isa = PBXBuildFile; fileRef = 246474901F65264F00303348 /* Assets.xcassets */; };
		246474941F65264F00303348 /* LaunchScreen.storyboard in Resources */ = {isa = PBXBuildFile; fileRef = 246474921F65264F00303348 /* LaunchScreen.storyboard */; };
/* End PBXBuildFile section */

/* Begin PBXFileReference section */
		241898E51F6632A80063235F /* Plane.swift */ = {isa = PBXFileReference; lastKnownFileType = sourcecode.swift; path = Plane.swift; sourceTree = "<group>"; };
		241898E71F663A050063235F /* Extensions.swift */ = {isa = PBXFileReference; lastKnownFileType = sourcecode.swift; path = Extensions.swift; sourceTree = "<group>"; };
		241898E91F66C7D10063235F /* StartViewController.swift */ = {isa = PBXFileReference; lastKnownFileType = sourcecode.swift; path = StartViewController.swift; sourceTree = "<group>"; };
		246474841F65264F00303348 /* ARichMan.app */ = {isa = PBXFileReference; explicitFileType = wrapper.application; includeInIndex = 0; path = ARichMan.app; sourceTree = BUILT_PRODUCTS_DIR; };
		246474871F65264F00303348 /* AppDelegate.swift */ = {isa = PBXFileReference; lastKnownFileType = sourcecode.swift; path = AppDelegate.swift; sourceTree = "<group>"; };
		246474891F65264F00303348 /* art.scnassets */ = {isa = PBXFileReference; lastKnownFileType = wrapper.scnassets; path = art.scnassets; sourceTree = "<group>"; };
		2464748B1F65264F00303348 /* ViewController.swift */ = {isa = PBXFileReference; lastKnownFileType = sourcecode.swift; path = ViewController.swift; sourceTree = "<group>"; };
		2464748E1F65264F00303348 /* Base */ = {isa = PBXFileReference; lastKnownFileType = file.storyboard; name = Base; path = Base.lproj/Main.storyboard; sourceTree = "<group>"; };
		246474901F65264F00303348 /* Assets.xcassets */ = {isa = PBXFileReference; lastKnownFileType = folder.assetcatalog; path = Assets.xcassets; sourceTree = "<group>"; };
		246474931F65264F00303348 /* Base */ = {isa = PBXFileReference; lastKnownFileType = file.storyboard; name = Base; path = Base.lproj/LaunchScreen.storyboard; sourceTree = "<group>"; };
		246474951F65264F00303348 /* Info.plist */ = {isa = PBXFileReference; lastKnownFileType = text.plist.xml; path = Info.plist; sourceTree = "<group>"; };
/* End PBXFileReference section */

/* Begin PBXFrameworksBuildPhase section */
		246474811F65264F00303348 /* Frameworks */ = {
			isa = PBXFrameworksBuildPhase;
			buildActionMask = 2147483647;
			files = (
			);
			runOnlyForDeploymentPostprocessing = 0;
		};
/* End PBXFrameworksBuildPhase section */

/* Begin PBXGroup section */
		2464747B1F65264F00303348 = {
			isa = PBXGroup;
			children = (
				246474861F65264F00303348 /* ARichMan */,
				246474851F65264F00303348 /* Products */,
			);
			sourceTree = "<group>";
		};
		246474851F65264F00303348 /* Products */ = {
			isa = PBXGroup;
			children = (
				246474841F65264F00303348 /* ARichMan.app */,
			);
			name = Products;
			sourceTree = "<group>";
		};
		246474861F65264F00303348 /* ARichMan */ = {
			isa = PBXGroup;
			children = (
				246474871F65264F00303348 /* AppDelegate.swift */,
				241898E71F663A050063235F /* Extensions.swift */,
				241898E51F6632A80063235F /* Plane.swift */,
				246474891F65264F00303348 /* art.scnassets */,
				241898E91F66C7D10063235F /* StartViewController.swift */,
				2464748B1F65264F00303348 /* ViewController.swift */,
				2464748D1F65264F00303348 /* Main.storyboard */,
				246474901F65264F00303348 /* Assets.xcassets */,
				246474921F65264F00303348 /* LaunchScreen.storyboard */,
				246474951F65264F00303348 /* Info.plist */,
			);
			path = ARichMan;
			sourceTree = "<group>";
		};
/* End PBXGroup section */

/* Begin PBXNativeTarget section */
		246474831F65264F00303348 /* ARichMan */ = {
			isa = PBXNativeTarget;
			buildConfigurationList = 246474981F65264F00303348 /* Build configuration list for PBXNativeTarget "ARichMan" */;
			buildPhases = (
				246474801F65264F00303348 /* Sources */,
				246474811F65264F00303348 /* Frameworks */,
				246474821F65264F00303348 /* Resources */,
			);
			buildRules = (
			);
			dependencies = (
			);
			name = ARichMan;
			productName = ARichMan;
			productReference = 246474841F65264F00303348 /* ARichMan.app */;
			productType = "com.apple.product-type.application";
		};
/* End PBXNativeTarget section */

/* Begin PBXProject section */
		2464747C1F65264F00303348 /* Project object */ = {
			isa = PBXProject;
			attributes = {
				LastSwiftUpdateCheck = 0900;
				LastUpgradeCheck = 0900;
				ORGANIZATIONNAME = "宋 奎熹";
				TargetAttributes = {
					246474831F65264F00303348 = {
						CreatedOnToolsVersion = 9.0;
					};
				};
			};
			buildConfigurationList = 2464747F1F65264F00303348 /* Build configuration list for PBXProject "ARichMan" */;
			compatibilityVersion = "Xcode 8.0";
			developmentRegion = en;
			hasScannedForEncodings = 0;
			knownRegions = (
				en,
				Base,
			);
			mainGroup = 2464747B1F65264F00303348;
			productRefGroup = 246474851F65264F00303348 /* Products */;
			projectDirPath = "";
			projectRoot = "";
			targets = (
				246474831F65264F00303348 /* ARichMan */,
			);
		};
/* End PBXProject section */

/* Begin PBXResourcesBuildPhase section */
		246474821F65264F00303348 /* Resources */ = {
			isa = PBXResourcesBuildPhase;
			buildActionMask = 2147483647;
			files = (
				2464748A1F65264F00303348 /* art.scnassets in Resources */,
				246474941F65264F00303348 /* LaunchScreen.storyboard in Resources */,
				246474911F65264F00303348 /* Assets.xcassets in Resources */,
				2464748F1F65264F00303348 /* Main.storyboard in Resources */,
			);
			runOnlyForDeploymentPostprocessing = 0;
		};
/* End PBXResourcesBuildPhase section */

/* Begin PBXSourcesBuildPhase section */
		246474801F65264F00303348 /* Sources */ = {
			isa = PBXSourcesBuildPhase;
			buildActionMask = 2147483647;
			files = (
				241898EA1F66C7D10063235F /* StartViewController.swift in Sources */,
				2464748C1F65264F00303348 /* ViewController.swift in Sources */,
				241898E61F6632A80063235F /* Plane.swift in Sources */,
				246474881F65264F00303348 /* AppDelegate.swift in Sources */,
				241898E81F663A050063235F /* Extensions.swift in Sources */,
			);
			runOnlyForDeploymentPostprocessing = 0;
		};
/* End PBXSourcesBuildPhase section */

/* Begin PBXVariantGroup section */
		2464748D1F65264F00303348 /* Main.storyboard */ = {
			isa = PBXVariantGroup;
			children = (
				2464748E1F65264F00303348 /* Base */,
			);
			name = Main.storyboard;
			sourceTree = "<group>";
		};
		246474921F65264F00303348 /* LaunchScreen.storyboard */ = {
			isa = PBXVariantGroup;
			children = (
				246474931F65264F00303348 /* Base */,
			);
			name = LaunchScreen.storyboard;
			sourceTree = "<group>";
		};
/* End PBXVariantGroup section */

/* Begin XCBuildConfiguration section */
		246474961F65264F00303348 /* Debug */ = {
			isa = XCBuildConfiguration;
			buildSettings = {
				ALWAYS_SEARCH_USER_PATHS = NO;
				CLANG_ANALYZER_NONNULL = YES;
				CLANG_ANALYZER_NUMBER_OBJECT_CONVERSION = YES_AGGRESSIVE;
				CLANG_CXX_LANGUAGE_STANDARD = "gnu++14";
				CLANG_CXX_LIBRARY = "libc++";
				CLANG_ENABLE_MODULES = YES;
				CLANG_ENABLE_OBJC_ARC = YES;
				CLANG_WARN_BLOCK_CAPTURE_AUTORELEASING = YES;
				CLANG_WARN_BOOL_CONVERSION = YES;
				CLANG_WARN_COMMA = YES;
				CLANG_WARN_CONSTANT_CONVERSION = YES;
				CLANG_WARN_DIRECT_OBJC_ISA_USAGE = YES_ERROR;
				CLANG_WARN_DOCUMENTATION_COMMENTS = YES;
				CLANG_WARN_EMPTY_BODY = YES;
				CLANG_WARN_ENUM_CONVERSION = YES;
				CLANG_WARN_INFINITE_RECURSION = YES;
				CLANG_WARN_INT_CONVERSION = YES;
				CLANG_WARN_NON_LITERAL_NULL_CONVERSION = YES;
				CLANG_WARN_OBJC_LITERAL_CONVERSION = YES;
				CLANG_WARN_OBJC_ROOT_CLASS = YES_ERROR;
				CLANG_WARN_RANGE_LOOP_ANALYSIS = YES;
				CLANG_WARN_STRICT_PROTOTYPES = YES;
				CLANG_WARN_SUSPICIOUS_MOVE = YES;
				CLANG_WARN_UNGUARDED_AVAILABILITY = YES_AGGRESSIVE;
				CLANG_WARN_UNREACHABLE_CODE = YES;
				CLANG_WARN__DUPLICATE_METHOD_MATCH = YES;
				CODE_SIGN_IDENTITY = "iPhone Developer";
				COPY_PHASE_STRIP = NO;
				DEBUG_INFORMATION_FORMAT = dwarf;
				ENABLE_STRICT_OBJC_MSGSEND = YES;
				ENABLE_TESTABILITY = YES;
				GCC_C_LANGUAGE_STANDARD = gnu11;
				GCC_DYNAMIC_NO_PIC = NO;
				GCC_NO_COMMON_BLOCKS = YES;
				GCC_OPTIMIZATION_LEVEL = 0;
				GCC_PREPROCESSOR_DEFINITIONS = (
					"DEBUG=1",
					"$(inherited)",
				);
				GCC_WARN_64_TO_32_BIT_CONVERSION = YES;
				GCC_WARN_ABOUT_RETURN_TYPE = YES_ERROR;
				GCC_WARN_UNDECLARED_SELECTOR = YES;
				GCC_WARN_UNINITIALIZED_AUTOS = YES_AGGRESSIVE;
				GCC_WARN_UNUSED_FUNCTION = YES;
				GCC_WARN_UNUSED_VARIABLE = YES;
				IPHONEOS_DEPLOYMENT_TARGET = 11.0;
				MTL_ENABLE_DEBUG_INFO = YES;
				ONLY_ACTIVE_ARCH = YES;
				SDKROOT = iphoneos;
				SWIFT_ACTIVE_COMPILATION_CONDITIONS = DEBUG;
				SWIFT_OPTIMIZATION_LEVEL = "-Onone";
			};
			name = Debug;
		};
		246474971F65264F00303348 /* Release */ = {
			isa = XCBuildConfiguration;
			buildSettings = {
				ALWAYS_SEARCH_USER_PATHS = NO;
				CLANG_ANALYZER_NONNULL = YES;
				CLANG_ANALYZER_NUMBER_OBJECT_CONVERSION = YES_AGGRESSIVE;
				CLANG_CXX_LANGUAGE_STANDARD = "gnu++14";
				CLANG_CXX_LIBRARY = "libc++";
				CLANG_ENABLE_MODULES = YES;
				CLANG_ENABLE_OBJC_ARC = YES;
				CLANG_WARN_BLOCK_CAPTURE_AUTORELEASING = YES;
				CLANG_WARN_BOOL_CONVERSION = YES;
				CLANG_WARN_COMMA = YES;
				CLANG_WARN_CONSTANT_CONVERSION = YES;
				CLANG_WARN_DIRECT_OBJC_ISA_USAGE = YES_ERROR;
				CLANG_WARN_DOCUMENTATION_COMMENTS = YES;
				CLANG_WARN_EMPTY_BODY = YES;
				CLANG_WARN_ENUM_CONVERSION = YES;
				CLANG_WARN_INFINITE_RECURSION = YES;
				CLANG_WARN_INT_CONVERSION = YES;
				CLANG_WARN_NON_LITERAL_NULL_CONVERSION = YES;
				CLANG_WARN_OBJC_LITERAL_CONVERSION = YES;
				CLANG_WARN_OBJC_ROOT_CLASS = YES_ERROR;
				CLANG_WARN_RANGE_LOOP_ANALYSIS = YES;
				CLANG_WARN_STRICT_PROTOTYPES = YES;
				CLANG_WARN_SUSPICIOUS_MOVE = YES;
				CLANG_WARN_UNGUARDED_AVAILABILITY = YES_AGGRESSIVE;
				CLANG_WARN_UNREACHABLE_CODE = YES;
				CLANG_WARN__DUPLICATE_METHOD_MATCH = YES;
				CODE_SIGN_IDENTITY = "iPhone Developer";
				COPY_PHASE_STRIP = NO;
				DEBUG_INFORMATION_FORMAT = "dwarf-with-dsym";
				ENABLE_NS_ASSERTIONS = NO;
				ENABLE_STRICT_OBJC_MSGSEND = YES;
				GCC_C_LANGUAGE_STANDARD = gnu11;
				GCC_NO_COMMON_BLOCKS = YES;
				GCC_WARN_64_TO_32_BIT_CONVERSION = YES;
				GCC_WARN_ABOUT_RETURN_TYPE = YES_ERROR;
				GCC_WARN_UNDECLARED_SELECTOR = YES;
				GCC_WARN_UNINITIALIZED_AUTOS = YES_AGGRESSIVE;
				GCC_WARN_UNUSED_FUNCTION = YES;
				GCC_WARN_UNUSED_VARIABLE = YES;
				IPHONEOS_DEPLOYMENT_TARGET = 11.0;
				MTL_ENABLE_DEBUG_INFO = NO;
				SDKROOT = iphoneos;
				SWIFT_OPTIMIZATION_LEVEL = "-Owholemodule";
				VALIDATE_PRODUCT = YES;
			};
			name = Release;
		};
		246474991F65264F00303348 /* Debug */ = {
			isa = XCBuildConfiguration;
			buildSettings = {
				ASSETCATALOG_COMPILER_APPICON_NAME = AppIcon;
				DEVELOPMENT_TEAM = VEBQ28K9EA;
				INFOPLIST_FILE = ARichMan/Info.plist;
				LD_RUNPATH_SEARCH_PATHS = "$(inherited) @executable_path/Frameworks";
				PRODUCT_BUNDLE_IDENTIFIER = com.krayc.ARichMan;
				PRODUCT_NAME = "$(TARGET_NAME)";
				SWIFT_VERSION = 4.0;
				TARGETED_DEVICE_FAMILY = "1,2";
			};
			name = Debug;
		};
		2464749A1F65264F00303348 /* Release */ = {
			isa = XCBuildConfiguration;
			buildSettings = {
				ASSETCATALOG_COMPILER_APPICON_NAME = AppIcon;
				DEVELOPMENT_TEAM = VEBQ28K9EA;
				INFOPLIST_FILE = ARichMan/Info.plist;
				LD_RUNPATH_SEARCH_PATHS = "$(inherited) @executable_path/Frameworks";
				PRODUCT_BUNDLE_IDENTIFIER = com.krayc.ARichMan;
				PRODUCT_NAME = "$(TARGET_NAME)";
				SWIFT_VERSION = 4.0;
				TARGETED_DEVICE_FAMILY = "1,2";
			};
			name = Release;
		};
/* End XCBuildConfiguration section */

/* Begin XCConfigurationList section */
		2464747F1F65264F00303348 /* Build configuration list for PBXProject "ARichMan" */ = {
			isa = XCConfigurationList;
			buildConfigurations = (
				246474961F65264F00303348 /* Debug */,
				246474971F65264F00303348 /* Release */,
			);
			defaultConfigurationIsVisible = 0;
			defaultConfigurationName = Release;
		};
		246474981F65264F00303348 /* Build configuration list for PBXNativeTarget "ARichMan" */ = {
			isa = XCConfigurationList;
			buildConfigurations = (
				246474991F65264F00303348 /* Debug */,
				2464749A1F65264F00303348 /* Release */,
			);
			defaultConfigurationIsVisible = 0;
			defaultConfigurationName = Release;
		};
/* End XCConfigurationList section */
	};
	rootObject = 2464747C1F65264F00303348 /* Project object */;
}
